// !$*UTF8*$!
{
	archiveVersion = 1;
	classes = {
	};
	objectVersion = 44;
	objects = {

/* Begin PBXBuildFile section */
		1D358B0E0D08B91F00D71A7E /* Carbon.framework in Frameworks */ = {isa = PBXBuildFile; fileRef = 1DB418BE0D052E3A009213BF /* Carbon.framework */; };
		1D80EDD70D03345F006B1EC3 /* ZTunesDaemon.m in Sources */ = {isa = PBXBuildFile; fileRef = 1D80EDD60D03345F006B1EC3 /* ZTunesDaemon.m */; };
		1D80EDD90D033495006B1EC3 /* Z_TunesDaemon.nib in Resources */ = {isa = PBXBuildFile; fileRef = 1D80EDD80D033495006B1EC3 /* Z_TunesDaemon.nib */; };
		1D80EDDE0D033F54006B1EC3 /* ZTunesWindow.m in Sources */ = {isa = PBXBuildFile; fileRef = 1D80EDDD0D033F54006B1EC3 /* ZTunesWindow.m */; };
		1D91F64B0D2368EF004F3563 /* Z-TunesDaemon.app in Resources */ = {isa = PBXBuildFile; fileRef = 1D80EDCF0D033406006B1EC3 /* Z-TunesDaemon.app */; };
		1D91F6510D236977004F3563 /* Z-Tunes.prefPane in CopyFiles */ = {isa = PBXBuildFile; fileRef = 8D202CF80486D31800D8A456 /* Z-Tunes.prefPane */; };
		1DB418BF0D052E3A009213BF /* Carbon.framework in Frameworks */ = {isa = PBXBuildFile; fileRef = 1DB418BE0D052E3A009213BF /* Carbon.framework */; };
		1DCAA06B0D03887F00E4FE11 /* iTunesProxy.m in Sources */ = {isa = PBXBuildFile; fileRef = 1DCAA06A0D03887F00E4FE11 /* iTunesProxy.m */; };
		1DCAA0B60D03D41C00E4FE11 /* ZTunesApp.m in Sources */ = {isa = PBXBuildFile; fileRef = 1DCAA0B50D03D41C00E4FE11 /* ZTunesApp.m */; };
		1DCAA16F0D03EED900E4FE11 /* ZApplication.m in Sources */ = {isa = PBXBuildFile; fileRef = 1DCAA16E0D03EED900E4FE11 /* ZApplication.m */; };
		1DD18EEA0D0758BF00D64613 /* PTKeyCodes.plist in Resources */ = {isa = PBXBuildFile; fileRef = 1DD18ED20D0758BF00D64613 /* PTKeyCodes.plist */; };
		1DD18EEB0D0758BF00D64613 /* PTKeyComboPanel.nib in Resources */ = {isa = PBXBuildFile; fileRef = 1DD18ED40D0758BF00D64613 /* PTKeyComboPanel.nib */; };
		1DD18EEC0D0758BF00D64613 /* PTKeyboardIcon.tiff in Resources */ = {isa = PBXBuildFile; fileRef = 1DD18EDC0D0758BF00D64613 /* PTKeyboardIcon.tiff */; };
		1DD18EED0D0758BF00D64613 /* PTHotKey.h in Headers */ = {isa = PBXBuildFile; fileRef = 1DD18EDE0D0758BF00D64613 /* PTHotKey.h */; };
		1DD18EEE0D0758BF00D64613 /* PTHotKey.m in Sources */ = {isa = PBXBuildFile; fileRef = 1DD18EDF0D0758BF00D64613 /* PTHotKey.m */; };
		1DD18EEF0D0758BF00D64613 /* PTHotKeyCenter.h in Headers */ = {isa = PBXBuildFile; fileRef = 1DD18EE00D0758BF00D64613 /* PTHotKeyCenter.h */; };
		1DD18EF00D0758BF00D64613 /* PTHotKeyCenter.m in Sources */ = {isa = PBXBuildFile; fileRef = 1DD18EE10D0758BF00D64613 /* PTHotKeyCenter.m */; };
		1DD18EF10D0758BF00D64613 /* PTKeyBroadcaster.h in Headers */ = {isa = PBXBuildFile; fileRef = 1DD18EE20D0758BF00D64613 /* PTKeyBroadcaster.h */; };
		1DD18EF20D0758BF00D64613 /* PTKeyBroadcaster.m in Sources */ = {isa = PBXBuildFile; fileRef = 1DD18EE30D0758BF00D64613 /* PTKeyBroadcaster.m */; };
		1DD18EF30D0758BF00D64613 /* PTKeyCodeTranslator.h in Headers */ = {isa = PBXBuildFile; fileRef = 1DD18EE40D0758BF00D64613 /* PTKeyCodeTranslator.h */; };
		1DD18EF40D0758BF00D64613 /* PTKeyCodeTranslator.m in Sources */ = {isa = PBXBuildFile; fileRef = 1DD18EE50D0758BF00D64613 /* PTKeyCodeTranslator.m */; };
		1DD18EF50D0758BF00D64613 /* PTKeyCombo.h in Headers */ = {isa = PBXBuildFile; fileRef = 1DD18EE60D0758BF00D64613 /* PTKeyCombo.h */; };
		1DD18EF60D0758BF00D64613 /* PTKeyCombo.m in Sources */ = {isa = PBXBuildFile; fileRef = 1DD18EE70D0758BF00D64613 /* PTKeyCombo.m */; };
		1DD18EF70D0758BF00D64613 /* PTKeyComboPanel.h in Headers */ = {isa = PBXBuildFile; fileRef = 1DD18EE80D0758BF00D64613 /* PTKeyComboPanel.h */; };
		1DD18EF80D0758BF00D64613 /* PTKeyComboPanel.m in Sources */ = {isa = PBXBuildFile; fileRef = 1DD18EE90D0758BF00D64613 /* PTKeyComboPanel.m */; };
		8D202CEA0486D31800D8A456 /* Z-Tunes_Prefix.pch in Headers */ = {isa = PBXBuildFile; fileRef = 32DBCFA20370C41700C91783 /* Z-Tunes_Prefix.pch */; };
		8D202CEB0486D31800D8A456 /* Z_TunesPref.h in Headers */ = {isa = PBXBuildFile; fileRef = F506C03C013D9D7901CA16C8 /* Z_TunesPref.h */; };
		8D202CED0486D31800D8A456 /* InfoPlist.strings in Resources */ = {isa = PBXBuildFile; fileRef = 089C167DFE841241C02AAC07 /* InfoPlist.strings */; };
		8D202CEE0486D31800D8A456 /* Z_TunesPref.tiff in Resources */ = {isa = PBXBuildFile; fileRef = F506C040013D9D8001CA16C8 /* Z_TunesPref.tiff */; };
		8D202CEF0486D31800D8A456 /* Z_TunesPref.nib in Resources */ = {isa = PBXBuildFile; fileRef = F506C042013D9D8C01CA16C8 /* Z_TunesPref.nib */; };
		8D202CF10486D31800D8A456 /* Z_TunesPref.m in Sources */ = {isa = PBXBuildFile; fileRef = F506C03D013D9D7901CA16C8 /* Z_TunesPref.m */; };
		8D202CF30486D31800D8A456 /* Cocoa.framework in Frameworks */ = {isa = PBXBuildFile; fileRef = 1058C7ADFEA557BF11CA2CBB /* Cocoa.framework */; };
		8D202CF40486D31800D8A456 /* PreferencePanes.framework in Frameworks */ = {isa = PBXBuildFile; fileRef = F506C035013D953901CA16C8 /* PreferencePanes.framework */; };
/* End PBXBuildFile section */

/* Begin PBXContainerItemProxy section */
		1D0D2C6E0D092B5B00D97B53 /* PBXContainerItemProxy */ = {
			isa = PBXContainerItemProxy;
			containerPortal = 089C1669FE841209C02AAC07 /* Project object */;
			proxyType = 1;
			remoteGlobalIDString = 1D80EDCE0D033406006B1EC3;
			remoteInfo = "Z-TunesDaemon";
		};
/* End PBXContainerItemProxy section */

/* Begin PBXCopyFilesBuildPhase section */
		1D91F64E0D23696A004F3563 /* CopyFiles */ = {
			isa = PBXCopyFilesBuildPhase;
			buildActionMask = 2147483647;
			dstPath = "/Users/dstaudigel/Documents/Programming/Z-Tunes/";
			dstSubfolderSpec = 0;
			files = (
				1D91F6510D236977004F3563 /* Z-Tunes.prefPane in CopyFiles */,
			);
			runOnlyForDeploymentPostprocessing = 0;
		};
/* End PBXCopyFilesBuildPhase section */

/* Begin PBXFileReference section */
		089C1672FE841209C02AAC07 /* Foundation.framework */ = {isa = PBXFileReference; lastKnownFileType = wrapper.framework; name = Foundation.framework; path = /System/Library/Frameworks/Foundation.framework; sourceTree = "<absolute>"; };
		089C167EFE841241C02AAC07 /* English */ = {isa = PBXFileReference; fileEncoding = 10; lastKnownFileType = text.plist.strings; name = English; path = English.lproj/InfoPlist.strings; sourceTree = "<group>"; };
		089C167FFE841241C02AAC07 /* AppKit.framework */ = {isa = PBXFileReference; lastKnownFileType = wrapper.framework; name = AppKit.framework; path = /System/Library/Frameworks/AppKit.framework; sourceTree = "<absolute>"; };
		1058C7ADFEA557BF11CA2CBB /* Cocoa.framework */ = {isa = PBXFileReference; lastKnownFileType = wrapper.framework; name = Cocoa.framework; path = /System/Library/Frameworks/Cocoa.framework; sourceTree = "<absolute>"; };
		1D80EDCF0D033406006B1EC3 /* Z-TunesDaemon.app */ = {isa = PBXFileReference; explicitFileType = wrapper.application; includeInIndex = 0; path = "Z-TunesDaemon.app"; sourceTree = BUILT_PRODUCTS_DIR; };
		1D80EDD10D033406006B1EC3 /* Z-TunesDaemon-Info.plist */ = {isa = PBXFileReference; lastKnownFileType = text.plist.xml; path = "Z-TunesDaemon-Info.plist"; sourceTree = "<group>"; };
		1D80EDD50D03345F006B1EC3 /* ZTunesDaemon.h */ = {isa = PBXFileReference; fileEncoding = 4; lastKnownFileType = sourcecode.c.h; path = ZTunesDaemon.h; sourceTree = "<group>"; };
		1D80EDD60D03345F006B1EC3 /* ZTunesDaemon.m */ = {isa = PBXFileReference; fileEncoding = 4; lastKnownFileType = sourcecode.c.objc; path = ZTunesDaemon.m; sourceTree = "<group>"; };
		1D80EDD80D033495006B1EC3 /* Z_TunesDaemon.nib */ = {isa = PBXFileReference; lastKnownFileType = wrapper.nib; path = Z_TunesDaemon.nib; sourceTree = "<group>"; };
		1D80EDDC0D033F54006B1EC3 /* ZTunesWindow.h */ = {isa = PBXFileReference; fileEncoding = 4; lastKnownFileType = sourcecode.c.h; path = ZTunesWindow.h; sourceTree = "<group>"; };
		1D80EDDD0D033F54006B1EC3 /* ZTunesWindow.m */ = {isa = PBXFileReference; fileEncoding = 4; lastKnownFileType = sourcecode.c.objc; path = ZTunesWindow.m; sourceTree = "<group>"; };
		1DB418BE0D052E3A009213BF /* Carbon.framework */ = {isa = PBXFileReference; lastKnownFileType = wrapper.framework; name = Carbon.framework; path = /System/Library/Frameworks/Carbon.framework; sourceTree = "<absolute>"; };
		1DCAA0690D03887F00E4FE11 /* iTunesProxy.h */ = {isa = PBXFileReference; fileEncoding = 4; lastKnownFileType = sourcecode.c.h; path = iTunesProxy.h; sourceTree = "<group>"; };
		1DCAA06A0D03887F00E4FE11 /* iTunesProxy.m */ = {isa = PBXFileReference; fileEncoding = 4; lastKnownFileType = sourcecode.c.objc; path = iTunesProxy.m; sourceTree = "<group>"; };
		1DCAA0B50D03D41C00E4FE11 /* ZTunesApp.m */ = {isa = PBXFileReference; fileEncoding = 4; lastKnownFileType = sourcecode.c.objc; path = ZTunesApp.m; sourceTree = "<group>"; };
		1DCAA16D0D03EED900E4FE11 /* ZApplication.h */ = {isa = PBXFileReference; fileEncoding = 4; lastKnownFileType = sourcecode.c.h; path = ZApplication.h; sourceTree = "<group>"; };
		1DCAA16E0D03EED900E4FE11 /* ZApplication.m */ = {isa = PBXFileReference; fileEncoding = 4; lastKnownFileType = sourcecode.c.objc; path = ZApplication.m; sourceTree = "<group>"; };
		1DD18ED30D0758BF00D64613 /* English */ = {isa = PBXFileReference; fileEncoding = 4; lastKnownFileType = text.plist.xml; name = English; path = English.lproj/PTKeyCodes.plist; sourceTree = "<group>"; };
		1DD18ED50D0758BF00D64613 /* English */ = {isa = PBXFileReference; lastKnownFileType = wrapper.nib; name = English; path = English.lproj/PTKeyComboPanel.nib; sourceTree = "<group>"; };
		1DD18ED60D0758BF00D64613 /* French */ = {isa = PBXFileReference; fileEncoding = 4; lastKnownFileType = text.plist; name = French; path = French.lproj/PTKeyCodes.plist; sourceTree = "<group>"; };
		1DD18ED70D0758BF00D64613 /* French */ = {isa = PBXFileReference; lastKnownFileType = wrapper.nib; name = French; path = French.lproj/PTKeyComboPanel.nib; sourceTree = "<group>"; };
		1DD18ED80D0758BF00D64613 /* German */ = {isa = PBXFileReference; fileEncoding = 4; lastKnownFileType = text.plist; name = German; path = German.lproj/PTKeyCodes.plist; sourceTree = "<group>"; };
		1DD18ED90D0758BF00D64613 /* German */ = {isa = PBXFileReference; lastKnownFileType = wrapper.nib; name = German; path = German.lproj/PTKeyComboPanel.nib; sourceTree = "<group>"; };
		1DD18EDA0D0758BF00D64613 /* Japanese */ = {isa = PBXFileReference; fileEncoding = 4; lastKnownFileType = text.plist; name = Japanese; path = Japanese.lproj/PTKeyCodes.plist; sourceTree = "<group>"; };
		1DD18EDB0D0758BF00D64613 /* Japanese */ = {isa = PBXFileReference; lastKnownFileType = wrapper.nib; name = Japanese; path = Japanese.lproj/PTKeyComboPanel.nib; sourceTree = "<group>"; };
		1DD18EDC0D0758BF00D64613 /* PTKeyboardIcon.tiff */ = {isa = PBXFileReference; lastKnownFileType = image.tiff; path = PTKeyboardIcon.tiff; sourceTree = "<group>"; };
		1DD18EDE0D0758BF00D64613 /* PTHotKey.h */ = {isa = PBXFileReference; fileEncoding = 4; lastKnownFileType = sourcecode.c.h; path = PTHotKey.h; sourceTree = "<group>"; };
		1DD18EDF0D0758BF00D64613 /* PTHotKey.m */ = {isa = PBXFileReference; fileEncoding = 4; lastKnownFileType = sourcecode.c.objc; path = PTHotKey.m; sourceTree = "<group>"; };
		1DD18EE00D0758BF00D64613 /* PTHotKeyCenter.h */ = {isa = PBXFileReference; fileEncoding = 4; lastKnownFileType = sourcecode.c.h; path = PTHotKeyCenter.h; sourceTree = "<group>"; };
		1DD18EE10D0758BF00D64613 /* PTHotKeyCenter.m */ = {isa = PBXFileReference; fileEncoding = 4; lastKnownFileType = sourcecode.c.objc; path = PTHotKeyCenter.m; sourceTree = "<group>"; };
		1DD18EE20D0758BF00D64613 /* PTKeyBroadcaster.h */ = {isa = PBXFileReference; fileEncoding = 4; lastKnownFileType = sourcecode.c.h; path = PTKeyBroadcaster.h; sourceTree = "<group>"; };
		1DD18EE30D0758BF00D64613 /* PTKeyBroadcaster.m */ = {isa = PBXFileReference; fileEncoding = 4; lastKnownFileType = sourcecode.c.objc; path = PTKeyBroadcaster.m; sourceTree = "<group>"; };
		1DD18EE40D0758BF00D64613 /* PTKeyCodeTranslator.h */ = {isa = PBXFileReference; fileEncoding = 4; lastKnownFileType = sourcecode.c.h; path = PTKeyCodeTranslator.h; sourceTree = "<group>"; };
		1DD18EE50D0758BF00D64613 /* PTKeyCodeTranslator.m */ = {isa = PBXFileReference; fileEncoding = 4; lastKnownFileType = sourcecode.c.objc; path = PTKeyCodeTranslator.m; sourceTree = "<group>"; };
		1DD18EE60D0758BF00D64613 /* PTKeyCombo.h */ = {isa = PBXFileReference; fileEncoding = 4; lastKnownFileType = sourcecode.c.h; path = PTKeyCombo.h; sourceTree = "<group>"; };
		1DD18EE70D0758BF00D64613 /* PTKeyCombo.m */ = {isa = PBXFileReference; fileEncoding = 4; lastKnownFileType = sourcecode.c.objc; path = PTKeyCombo.m; sourceTree = "<group>"; };
		1DD18EE80D0758BF00D64613 /* PTKeyComboPanel.h */ = {isa = PBXFileReference; fileEncoding = 4; lastKnownFileType = sourcecode.c.h; path = PTKeyComboPanel.h; sourceTree = "<group>"; };
		1DD18EE90D0758BF00D64613 /* PTKeyComboPanel.m */ = {isa = PBXFileReference; fileEncoding = 4; lastKnownFileType = sourcecode.c.objc; path = PTKeyComboPanel.m; sourceTree = "<group>"; };
		32DBCFA20370C41700C91783 /* Z-Tunes_Prefix.pch */ = {isa = PBXFileReference; fileEncoding = 4; lastKnownFileType = sourcecode.c.h; path = "Z-Tunes_Prefix.pch"; sourceTree = "<group>"; };
		8D202CF70486D31800D8A456 /* Info.plist */ = {isa = PBXFileReference; fileEncoding = 4; lastKnownFileType = text.plist; path = Info.plist; sourceTree = "<group>"; };
		8D202CF80486D31800D8A456 /* Z-Tunes.prefPane */ = {isa = PBXFileReference; explicitFileType = wrapper.cfbundle; includeInIndex = 0; path = "Z-Tunes.prefPane"; sourceTree = BUILT_PRODUCTS_DIR; };
		F506C035013D953901CA16C8 /* PreferencePanes.framework */ = {isa = PBXFileReference; lastKnownFileType = wrapper.framework; name = PreferencePanes.framework; path = /System/Library/Frameworks/PreferencePanes.framework; sourceTree = "<absolute>"; };
		F506C03C013D9D7901CA16C8 /* Z_TunesPref.h */ = {isa = PBXFileReference; fileEncoding = 4; lastKnownFileType = sourcecode.c.h; path = Z_TunesPref.h; sourceTree = "<group>"; };
		F506C03D013D9D7901CA16C8 /* Z_TunesPref.m */ = {isa = PBXFileReference; fileEncoding = 4; lastKnownFileType = sourcecode.c.objc; path = Z_TunesPref.m; sourceTree = "<group>"; };
		F506C040013D9D8001CA16C8 /* Z_TunesPref.tiff */ = {isa = PBXFileReference; lastKnownFileType = image.tiff; path = Z_TunesPref.tiff; sourceTree = "<group>"; };
		F506C043013D9D8C01CA16C8 /* English */ = {isa = PBXFileReference; lastKnownFileType = wrapper.nib; name = English; path = English.lproj/Z_TunesPref.nib; sourceTree = "<group>"; };
/* End PBXFileReference section */

/* Begin PBXFrameworksBuildPhase section */
		1D80EDCD0D033406006B1EC3 /* Frameworks */ = {
			isa = PBXFrameworksBuildPhase;
			buildActionMask = 2147483647;
			files = (
				1DB418BF0D052E3A009213BF /* Carbon.framework in Frameworks */,
			);
			runOnlyForDeploymentPostprocessing = 0;
		};
		8D202CF20486D31800D8A456 /* Frameworks */ = {
			isa = PBXFrameworksBuildPhase;
			buildActionMask = 2147483647;
			files = (
				8D202CF30486D31800D8A456 /* Cocoa.framework in Frameworks */,
				8D202CF40486D31800D8A456 /* PreferencePanes.framework in Frameworks */,
				1D358B0E0D08B91F00D71A7E /* Carbon.framework in Frameworks */,
			);
			runOnlyForDeploymentPostprocessing = 0;
		};
/* End PBXFrameworksBuildPhase section */

/* Begin PBXGroup section */
		089C166AFE841209C02AAC07 /* Z-Tunes */ = {
			isa = PBXGroup;
			children = (
				08FB77AFFE84173DC02AAC07 /* Classes */,
				32DBCFA10370C40200C91783 /* Other Sources */,
				089C167CFE841241C02AAC07 /* Resources */,
				089C1671FE841209C02AAC07 /* Frameworks and Libraries */,
				19C28FB8FE9D52D311CA2CBB /* Products */,
				1D80EDD10D033406006B1EC3 /* Z-TunesDaemon-Info.plist */,
			);
			name = "Z-Tunes";
			sourceTree = "<group>";
		};
		089C1671FE841209C02AAC07 /* Frameworks and Libraries */ = {
			isa = PBXGroup;
			children = (
				1058C7ACFEA557BF11CA2CBB /* Linked Frameworks */,
				1058C7AEFEA557BF11CA2CBB /* Other Frameworks */,
			);
			name = "Frameworks and Libraries";
			sourceTree = "<group>";
		};
		089C167CFE841241C02AAC07 /* Resources */ = {
			isa = PBXGroup;
			children = (
				8D202CF70486D31800D8A456 /* Info.plist */,
				089C167DFE841241C02AAC07 /* InfoPlist.strings */,
				F506C040013D9D8001CA16C8 /* Z_TunesPref.tiff */,
				F506C042013D9D8C01CA16C8 /* Z_TunesPref.nib */,
				1D80EDD80D033495006B1EC3 /* Z_TunesDaemon.nib */,
			);
			name = Resources;
			sourceTree = "<group>";
		};
		08FB77AFFE84173DC02AAC07 /* Classes */ = {
			isa = PBXGroup;
			children = (
				1D80EDC80D0333CB006B1EC3 /* Daemon */,
				1D80EDC70D0333C5006B1EC3 /* PrefPane */,
			);
			name = Classes;
			sourceTree = "<group>";
		};
		1058C7ACFEA557BF11CA2CBB /* Linked Frameworks */ = {
			isa = PBXGroup;
			children = (
				1DB418BE0D052E3A009213BF /* Carbon.framework */,
				1058C7ADFEA557BF11CA2CBB /* Cocoa.framework */,
				F506C035013D953901CA16C8 /* PreferencePanes.framework */,
			);
			name = "Linked Frameworks";
			sourceTree = "<group>";
		};
		1058C7AEFEA557BF11CA2CBB /* Other Frameworks */ = {
			isa = PBXGroup;
			children = (
				089C1672FE841209C02AAC07 /* Foundation.framework */,
				089C167FFE841241C02AAC07 /* AppKit.framework */,
			);
			name = "Other Frameworks";
			sourceTree = "<group>";
		};
		19C28FB8FE9D52D311CA2CBB /* Products */ = {
			isa = PBXGroup;
			children = (
				8D202CF80486D31800D8A456 /* Z-Tunes.prefPane */,
				1D80EDCF0D033406006B1EC3 /* Z-TunesDaemon.app */,
			);
			name = Products;
			sourceTree = "<group>";
		};
		1D80EDC70D0333C5006B1EC3 /* PrefPane */ = {
			isa = PBXGroup;
			children = (
				1DD18ED00D0758BF00D64613 /* PTHotKeysLib */,
				F506C03C013D9D7901CA16C8 /* Z_TunesPref.h */,
				F506C03D013D9D7901CA16C8 /* Z_TunesPref.m */,
			);
			name = PrefPane;
			sourceTree = "<group>";
		};
		1D80EDC80D0333CB006B1EC3 /* Daemon */ = {
			isa = PBXGroup;
			children = (
				1D80EDD50D03345F006B1EC3 /* ZTunesDaemon.h */,
				1D80EDD60D03345F006B1EC3 /* ZTunesDaemon.m */,
				1D80EDDC0D033F54006B1EC3 /* ZTunesWindow.h */,
				1D80EDDD0D033F54006B1EC3 /* ZTunesWindow.m */,
				1DCAA0690D03887F00E4FE11 /* iTunesProxy.h */,
				1DCAA06A0D03887F00E4FE11 /* iTunesProxy.m */,
				1DCAA0B50D03D41C00E4FE11 /* ZTunesApp.m */,
				1DCAA16D0D03EED900E4FE11 /* ZApplication.h */,
				1DCAA16E0D03EED900E4FE11 /* ZApplication.m */,
			);
			name = Daemon;
			sourceTree = "<group>";
		};
		1DD18ED00D0758BF00D64613 /* PTHotKeysLib */ = {
			isa = PBXGroup;
			children = (
				1DD18ED10D0758BF00D64613 /* res */,
				1DD18EDD0D0758BF00D64613 /* src */,
			);
			path = PTHotKeysLib;
			sourceTree = "<group>";
		};
		1DD18ED10D0758BF00D64613 /* res */ = {
			isa = PBXGroup;
			children = (
				1DD18ED20D0758BF00D64613 /* PTKeyCodes.plist */,
				1DD18ED40D0758BF00D64613 /* PTKeyComboPanel.nib */,
				1DD18EDC0D0758BF00D64613 /* PTKeyboardIcon.tiff */,
			);
			path = res;
			sourceTree = "<group>";
		};
		1DD18EDD0D0758BF00D64613 /* src */ = {
			isa = PBXGroup;
			children = (
				1DD18EDE0D0758BF00D64613 /* PTHotKey.h */,
				1DD18EDF0D0758BF00D64613 /* PTHotKey.m */,
				1DD18EE00D0758BF00D64613 /* PTHotKeyCenter.h */,
				1DD18EE10D0758BF00D64613 /* PTHotKeyCenter.m */,
				1DD18EE20D0758BF00D64613 /* PTKeyBroadcaster.h */,
				1DD18EE30D0758BF00D64613 /* PTKeyBroadcaster.m */,
				1DD18EE40D0758BF00D64613 /* PTKeyCodeTranslator.h */,
				1DD18EE50D0758BF00D64613 /* PTKeyCodeTranslator.m */,
				1DD18EE60D0758BF00D64613 /* PTKeyCombo.h */,
				1DD18EE70D0758BF00D64613 /* PTKeyCombo.m */,
				1DD18EE80D0758BF00D64613 /* PTKeyComboPanel.h */,
				1DD18EE90D0758BF00D64613 /* PTKeyComboPanel.m */,
			);
			path = src;
			sourceTree = "<group>";
		};
		32DBCFA10370C40200C91783 /* Other Sources */ = {
			isa = PBXGroup;
			children = (
				32DBCFA20370C41700C91783 /* Z-Tunes_Prefix.pch */,
			);
			name = "Other Sources";
			sourceTree = "<group>";
		};
/* End PBXGroup section */

/* Begin PBXHeadersBuildPhase section */
		8D202CE90486D31800D8A456 /* Headers */ = {
			isa = PBXHeadersBuildPhase;
			buildActionMask = 2147483647;
			files = (
				8D202CEA0486D31800D8A456 /* Z-Tunes_Prefix.pch in Headers */,
				8D202CEB0486D31800D8A456 /* Z_TunesPref.h in Headers */,
				1DD18EED0D0758BF00D64613 /* PTHotKey.h in Headers */,
				1DD18EEF0D0758BF00D64613 /* PTHotKeyCenter.h in Headers */,
				1DD18EF10D0758BF00D64613 /* PTKeyBroadcaster.h in Headers */,
				1DD18EF30D0758BF00D64613 /* PTKeyCodeTranslator.h in Headers */,
				1DD18EF50D0758BF00D64613 /* PTKeyCombo.h in Headers */,
				1DD18EF70D0758BF00D64613 /* PTKeyComboPanel.h in Headers */,
			);
			runOnlyForDeploymentPostprocessing = 0;
		};
/* End PBXHeadersBuildPhase section */

/* Begin PBXNativeTarget section */
		1D80EDCE0D033406006B1EC3 /* Z-TunesDaemon */ = {
			isa = PBXNativeTarget;
			buildConfigurationList = 1D80EDD40D033408006B1EC3 /* Build configuration list for PBXNativeTarget "Z-TunesDaemon" */;
			buildPhases = (
				1D80EDCB0D033406006B1EC3 /* Resources */,
				1D80EDCC0D033406006B1EC3 /* Sources */,
				1D80EDCD0D033406006B1EC3 /* Frameworks */,
			);
			buildRules = (
			);
			dependencies = (
			);
			name = "Z-TunesDaemon";
			productName = "Z-TunesDaemon";
			productReference = 1D80EDCF0D033406006B1EC3 /* Z-TunesDaemon.app */;
			productType = "com.apple.product-type.application";
		};
		8D202CE80486D31800D8A456 /* Z-TunesPrefPane */ = {
			isa = PBXNativeTarget;
			buildConfigurationList = 1DBD214808BA80EA00186707 /* Build configuration list for PBXNativeTarget "Z-TunesPrefPane" */;
			buildPhases = (
				8D202CE90486D31800D8A456 /* Headers */,
				8D202CEC0486D31800D8A456 /* Resources */,
				8D202CF00486D31800D8A456 /* Sources */,
				8D202CF20486D31800D8A456 /* Frameworks */,
				8D202CF50486D31800D8A456 /* Rez */,
				1D91F64E0D23696A004F3563 /* CopyFiles */,
			);
			buildRules = (
			);
			dependencies = (
				1D0D2C6F0D092B5B00D97B53 /* PBXTargetDependency */,
			);
			name = "Z-TunesPrefPane";
			productInstallPath = "$(HOME)/Library/PreferencePanes";
			productName = "Z-Tunes";
			productReference = 8D202CF80486D31800D8A456 /* Z-Tunes.prefPane */;
			productType = "com.apple.product-type.bundle";
		};
/* End PBXNativeTarget section */

/* Begin PBXProject section */
		089C1669FE841209C02AAC07 /* Project object */ = {
			isa = PBXProject;
			buildConfigurationList = 1DBD214C08BA80EA00186707 /* Build configuration list for PBXProject "Z-Tunes" */;
			compatibilityVersion = "Xcode 3.0";
			developmentRegion = English;
			hasScannedForEncodings = 1;
			knownRegions = (
				en,
			);
			mainGroup = 089C166AFE841209C02AAC07 /* Z-Tunes */;
			projectDirPath = "";
			projectRoot = "";
			targets = (
				8D202CE80486D31800D8A456 /* Z-TunesPrefPane */,
				1D80EDCE0D033406006B1EC3 /* Z-TunesDaemon */,
			);
		};
/* End PBXProject section */

/* Begin PBXResourcesBuildPhase section */
		1D80EDCB0D033406006B1EC3 /* Resources */ = {
			isa = PBXResourcesBuildPhase;
			buildActionMask = 2147483647;
			files = (
				1D80EDD90D033495006B1EC3 /* Z_TunesDaemon.nib in Resources */,
			);
			runOnlyForDeploymentPostprocessing = 0;
		};
		8D202CEC0486D31800D8A456 /* Resources */ = {
			isa = PBXResourcesBuildPhase;
			buildActionMask = 2147483647;
			files = (
				1D91F64B0D2368EF004F3563 /* Z-TunesDaemon.app in Resources */,
				8D202CED0486D31800D8A456 /* InfoPlist.strings in Resources */,
				8D202CEE0486D31800D8A456 /* Z_TunesPref.tiff in Resources */,
				8D202CEF0486D31800D8A456 /* Z_TunesPref.nib in Resources */,
				1DD18EEA0D0758BF00D64613 /* PTKeyCodes.plist in Resources */,
				1DD18EEB0D0758BF00D64613 /* PTKeyComboPanel.nib in Resources */,
				1DD18EEC0D0758BF00D64613 /* PTKeyboardIcon.tiff in Resources */,
			);
			runOnlyForDeploymentPostprocessing = 0;
		};
/* End PBXResourcesBuildPhase section */

/* Begin PBXRezBuildPhase section */
		8D202CF50486D31800D8A456 /* Rez */ = {
			isa = PBXRezBuildPhase;
			buildActionMask = 2147483647;
			files = (
			);
			runOnlyForDeploymentPostprocessing = 0;
		};
/* End PBXRezBuildPhase section */

/* Begin PBXSourcesBuildPhase section */
		1D80EDCC0D033406006B1EC3 /* Sources */ = {
			isa = PBXSourcesBuildPhase;
			buildActionMask = 2147483647;
			files = (
				1D80EDD70D03345F006B1EC3 /* ZTunesDaemon.m in Sources */,
				1D80EDDE0D033F54006B1EC3 /* ZTunesWindow.m in Sources */,
				1DCAA06B0D03887F00E4FE11 /* iTunesProxy.m in Sources */,
				1DCAA0B60D03D41C00E4FE11 /* ZTunesApp.m in Sources */,
				1DCAA16F0D03EED900E4FE11 /* ZApplication.m in Sources */,
			);
			runOnlyForDeploymentPostprocessing = 0;
		};
		8D202CF00486D31800D8A456 /* Sources */ = {
			isa = PBXSourcesBuildPhase;
			buildActionMask = 2147483647;
			files = (
				8D202CF10486D31800D8A456 /* Z_TunesPref.m in Sources */,
				1DD18EEE0D0758BF00D64613 /* PTHotKey.m in Sources */,
				1DD18EF00D0758BF00D64613 /* PTHotKeyCenter.m in Sources */,
				1DD18EF20D0758BF00D64613 /* PTKeyBroadcaster.m in Sources */,
				1DD18EF40D0758BF00D64613 /* PTKeyCodeTranslator.m in Sources */,
				1DD18EF60D0758BF00D64613 /* PTKeyCombo.m in Sources */,
				1DD18EF80D0758BF00D64613 /* PTKeyComboPanel.m in Sources */,
			);
			runOnlyForDeploymentPostprocessing = 0;
		};
/* End PBXSourcesBuildPhase section */

/* Begin PBXTargetDependency section */
		1D0D2C6F0D092B5B00D97B53 /* PBXTargetDependency */ = {
			isa = PBXTargetDependency;
			target = 1D80EDCE0D033406006B1EC3 /* Z-TunesDaemon */;
			targetProxy = 1D0D2C6E0D092B5B00D97B53 /* PBXContainerItemProxy */;
		};
/* End PBXTargetDependency section */

/* Begin PBXVariantGroup section */
		089C167DFE841241C02AAC07 /* InfoPlist.strings */ = {
			isa = PBXVariantGroup;
			children = (
				089C167EFE841241C02AAC07 /* English */,
			);
			name = InfoPlist.strings;
			sourceTree = "<group>";
		};
		1DD18ED20D0758BF00D64613 /* PTKeyCodes.plist */ = {
			isa = PBXVariantGroup;
			children = (
				1DD18ED30D0758BF00D64613 /* English */,
				1DD18ED60D0758BF00D64613 /* French */,
				1DD18ED80D0758BF00D64613 /* German */,
				1DD18EDA0D0758BF00D64613 /* Japanese */,
			);
			name = PTKeyCodes.plist;
			sourceTree = "<group>";
		};
		1DD18ED40D0758BF00D64613 /* PTKeyComboPanel.nib */ = {
			isa = PBXVariantGroup;
			children = (
				1DD18ED50D0758BF00D64613 /* English */,
				1DD18ED70D0758BF00D64613 /* French */,
				1DD18ED90D0758BF00D64613 /* German */,
				1DD18EDB0D0758BF00D64613 /* Japanese */,
			);
			name = PTKeyComboPanel.nib;
			sourceTree = "<group>";
		};
		F506C042013D9D8C01CA16C8 /* Z_TunesPref.nib */ = {
			isa = PBXVariantGroup;
			children = (
				F506C043013D9D8C01CA16C8 /* English */,
			);
			name = Z_TunesPref.nib;
			sourceTree = "<group>";
		};
/* End PBXVariantGroup section */

/* Begin XCBuildConfiguration section */
		1D80EDD20D033408006B1EC3 /* Debug */ = {
			isa = XCBuildConfiguration;
			buildSettings = {
				COPY_PHASE_STRIP = NO;
				GCC_DYNAMIC_NO_PIC = NO;
				GCC_ENABLE_FIX_AND_CONTINUE = YES;
				GCC_MODEL_TUNING = G5;
				GCC_OPTIMIZATION_LEVEL = 0;
				GCC_PRECOMPILE_PREFIX_HEADER = YES;
				GCC_PREFIX_HEADER = "$(SYSTEM_LIBRARY_DIR)/Frameworks/AppKit.framework/Headers/AppKit.h";
				INFOPLIST_FILE = "Z-TunesDaemon-Info.plist";
				INSTALL_PATH = "$(HOME)/Applications";
				OTHER_LDFLAGS = (
					"-framework",
					Foundation,
					"-framework",
					AppKit,
				);
				PREBINDING = NO;
				PRODUCT_NAME = "Z-TunesDaemon";
				WRAPPER_EXTENSION = app;
				ZERO_LINK = YES;
			};
			name = Debug;
		};
		1D80EDD30D033408006B1EC3 /* Release */ = {
			isa = XCBuildConfiguration;
			buildSettings = {
				COPY_PHASE_STRIP = YES;
				DEBUG_INFORMATION_FORMAT = "dwarf-with-dsym";
				GCC_ENABLE_FIX_AND_CONTINUE = NO;
				GCC_MODEL_TUNING = G5;
				GCC_PRECOMPILE_PREFIX_HEADER = YES;
				GCC_PREFIX_HEADER = "$(SYSTEM_LIBRARY_DIR)/Frameworks/AppKit.framework/Headers/AppKit.h";
				INFOPLIST_FILE = "Z-TunesDaemon-Info.plist";
				INSTALL_PATH = "$(HOME)/Applications";
				OTHER_LDFLAGS = (
					"-framework",
					Foundation,
					"-framework",
					AppKit,
				);
				PREBINDING = NO;
				PRODUCT_NAME = "Z-TunesDaemon";
				WRAPPER_EXTENSION = app;
				ZERO_LINK = NO;
			};
			name = Release;
		};
		1DBD214908BA80EA00186707 /* Debug */ = {
			isa = XCBuildConfiguration;
			buildSettings = {
				COPY_PHASE_STRIP = NO;
				GCC_DYNAMIC_NO_PIC = NO;
				GCC_ENABLE_FIX_AND_CONTINUE = YES;
				GCC_MODEL_TUNING = G5;
				GCC_OPTIMIZATION_LEVEL = 0;
				GCC_PRECOMPILE_PREFIX_HEADER = YES;
				GCC_PREFIX_HEADER = "Z-Tunes_Prefix.pch";
				INFOPLIST_FILE = Info.plist;
				INSTALL_PATH = "$(HOME)/Library/PreferencePanes";
				PRODUCT_NAME = "Z-Tunes";
				WRAPPER_EXTENSION = prefPane;
				ZERO_LINK = YES;
			};
			name = Debug;
		};
		1DBD214A08BA80EA00186707 /* Release */ = {
			isa = XCBuildConfiguration;
			buildSettings = {
				DEBUG_INFORMATION_FORMAT = "dwarf-with-dsym";
				GCC_MODEL_TUNING = G5;
				GCC_PRECOMPILE_PREFIX_HEADER = YES;
				GCC_PREFIX_HEADER = "Z-Tunes_Prefix.pch";
				INFOPLIST_FILE = Info.plist;
				INSTALL_PATH = "$(HOME)/Library/PreferencePanes";
				PRODUCT_NAME = "Z-Tunes";
				WRAPPER_EXTENSION = prefPane;
			};
			name = Release;
		};
		1DBD214D08BA80EA00186707 /* Debug */ = {
			isa = XCBuildConfiguration;
			buildSettings = {
				GCC_WARN_ABOUT_RETURN_TYPE = YES;
				GCC_WARN_UNUSED_VARIABLE = YES;
				PREBINDING = NO;
				SDKROOT = macosx;
			};
			name = Debug;
		};
		1DBD214E08BA80EA00186707 /* Release */ = {
			isa = XCBuildConfiguration;
			buildSettings = {
				ARCHS = "$(ARCHS_STANDARD_32_64_BIT_PRE_XCODE_3_1)";
				ARCHS_STANDARD_32_64_BIT_PRE_XCODE_3_1 = "x86_64 i386 ppc";
				GCC_WARN_ABOUT_RETURN_TYPE = YES;
				GCC_WARN_UNUSED_VARIABLE = YES;
				PREBINDING = NO;
				SDKROOT = macosx;
			};
			name = Release;
		};
/* End XCBuildConfiguration section */

/* Begin XCConfigurationList section */
		1D80EDD40D033408006B1EC3 /* Build configuration list for PBXNativeTarget "Z-TunesDaemon" */ = {
			isa = XCConfigurationList;
			buildConfigurations = (
				1D80EDD20D033408006B1EC3 /* Debug */,
				1D80EDD30D033408006B1EC3 /* Release */,
			);
			defaultConfigurationIsVisible = 0;
			defaultConfigurationName = Release;
		};
		1DBD214808BA80EA00186707 /* Build configuration list for PBXNativeTarget "Z-TunesPrefPane" */ = {
			isa = XCConfigurationList;
			buildConfigurations = (
				1DBD214908BA80EA00186707 /* Debug */,
				1DBD214A08BA80EA00186707 /* Release */,
			);
			defaultConfigurationIsVisible = 0;
			defaultConfigurationName = Release;
		};
		1DBD214C08BA80EA00186707 /* Build configuration list for PBXProject "Z-Tunes" */ = {
			isa = XCConfigurationList;
			buildConfigurations = (
				1DBD214D08BA80EA00186707 /* Debug */,
				1DBD214E08BA80EA00186707 /* Release */,
			);
			defaultConfigurationIsVisible = 0;
			defaultConfigurationName = Release;
		};
/* End XCConfigurationList section */
	};
	rootObject = 089C1669FE841209C02AAC07 /* Project object */;
}
